
Microsoft Visual Studio Solution File, Format Version 12.00
# Visual Studio 14
VisualStudioVersion = 14.0.25420.1
MinimumVisualStudioVersion = 10.0.40219.1
Project("{FAE04EC0-301F-11D3-BF4B-00C04F79EFBC}") = "cli1", "cli1\cli1.csproj", "{664A838D-8CEA-4C91-BC86-05422E71BBBF}"
EndProject
Project("{FAE04EC0-301F-11D3-BF4B-00C04F79EFBC}") = "cli2", "cli2\cli2.csproj", "{46F3A518-609A-44DD-A181-AE8BC8FF5FF6}"
EndProject
Global
	GlobalSection(SolutionConfigurationPlatforms) = preSolution
		Debug|Any CPU = Debug|Any CPU
		Release|Any CPU = Release|Any CPU
	EndGlobalSection
	GlobalSection(ProjectConfigurationPlatforms) = postSolution
		{664A838D-8CEA-4C91-BC86-05422E71BBBF}.Debug|Any CPU.ActiveCfg = Debug|Any CPU
		{664A838D-8CEA-4C91-BC86-05422E71BBBF}.Debug|Any CPU.Build.0 = Debug|Any CPU
		{664A838D-8CEA-4C91-BC86-05422E71BBBF}.Release|Any CPU.ActiveCfg = Release|Any CPU
		{664A838D-8CEA-4C91-BC86-05422E71BBBF}.Release|Any CPU.Build.0 = Release|Any CPU
		{46F3A518-609A-44DD-A181-AE8BC8FF5FF6}.Debug|Any CPU.ActiveCfg = Debug|Any CPU
		{46F3A518-609A-44DD-A181-AE8BC8FF5FF6}.Debug|Any CPU.Build.0 = Debug|Any CPU
		{46F3A518-609A-44DD-A181-AE8BC8FF5FF6}.Release|Any CPU.ActiveCfg = Release|Any CPU
		{46F3A518-609A-44DD-A181-AE8BC8FF5FF6}.Release|Any CPU.Build.0 = Release|Any CPU
	EndGlobalSection
	GlobalSection(SolutionProperties) = preSolution
		HideSolutionNode = FALSE
	EndGlobalSection
EndGlobal
